
Microsoft Visual Studio Solution File, Format Version 12.00
# Visual Studio 14
VisualStudioVersion = 14.0.25420.1
MinimumVisualStudioVersion = 10.0.40219.1
Project("{FAE04EC0-301F-11D3-BF4B-00C04F79EFBC}") = "HandlingEvents", "HandlingEvents\HandlingEvents.csproj", "{B5E5AC7A-0658-4BB0-80CA-A827C0167683}"
EndProject
Project("{FAE04EC0-301F-11D3-BF4B-00C04F79EFBC}") = "DefiningEvents", "DefiningEvents\DefiningEvents.csproj", "{3A80F672-82AB-41FA-8883-BA7FC61F26D2}"
EndProject
Project("{FAE04EC0-301F-11D3-BF4B-00C04F79EFBC}") = "MultiPurposeEvents", "MultiPurposeEvents\MultiPurposeEvents.csproj", "{A841ABAB-6F07-4400-8E57-FBD262AE79F9}"
EndProject
Project("{FAE04EC0-301F-11D3-BF4B-00C04F79EFBC}") = "EventLib", "EventLib\EventLib.csproj", "{6E79BFC1-9C6F-413B-BDE1-0FE86DEC92B8}"
EndProject
Project("{FAE04EC0-301F-11D3-BF4B-00C04F79EFBC}") = "UsingInitializers", "UsingInitializers\UsingInitializers.csproj", "{0363AC49-1D1E-48CE-AD53-6D16279C60B2}"
EndProject
Project("{FAE04EC0-301F-11D3-BF4B-00C04F79EFBC}") = "AnonymousTypes", "AnonymousTypes\AnonymousTypes.csproj", "{66F0C5E4-3B53-40FC-9E63-34AC3C75168E}"
EndProject
Project("{FAE04EC0-301F-11D3-BF4B-00C04F79EFBC}") = "DynamicTypes", "DynamicTypes\DynamicTypes.csproj", "{70BC5AEF-E49C-4E08-8C43-77C00EB42F16}"
EndProject
Global
	GlobalSection(SolutionConfigurationPlatforms) = preSolution
		Debug|Any CPU = Debug|Any CPU
		Release|Any CPU = Release|Any CPU
	EndGlobalSection
	GlobalSection(ProjectConfigurationPlatforms) = postSolution
		{B5E5AC7A-0658-4BB0-80CA-A827C0167683}.Debug|Any CPU.ActiveCfg = Debug|Any CPU
		{B5E5AC7A-0658-4BB0-80CA-A827C0167683}.Debug|Any CPU.Build.0 = Debug|Any CPU
		{B5E5AC7A-0658-4BB0-80CA-A827C0167683}.Release|Any CPU.ActiveCfg = Release|Any CPU
		{B5E5AC7A-0658-4BB0-80CA-A827C0167683}.Release|Any CPU.Build.0 = Release|Any CPU
		{3A80F672-82AB-41FA-8883-BA7FC61F26D2}.Debug|Any CPU.ActiveCfg = Debug|Any CPU
		{3A80F672-82AB-41FA-8883-BA7FC61F26D2}.Debug|Any CPU.Build.0 = Debug|Any CPU
		{3A80F672-82AB-41FA-8883-BA7FC61F26D2}.Release|Any CPU.ActiveCfg = Release|Any CPU
		{3A80F672-82AB-41FA-8883-BA7FC61F26D2}.Release|Any CPU.Build.0 = Release|Any CPU
		{A841ABAB-6F07-4400-8E57-FBD262AE79F9}.Debug|Any CPU.ActiveCfg = Debug|Any CPU
		{A841ABAB-6F07-4400-8E57-FBD262AE79F9}.Debug|Any CPU.Build.0 = Debug|Any CPU
		{A841ABAB-6F07-4400-8E57-FBD262AE79F9}.Release|Any CPU.ActiveCfg = Release|Any CPU
		{A841ABAB-6F07-4400-8E57-FBD262AE79F9}.Release|Any CPU.Build.0 = Release|Any CPU
		{6E79BFC1-9C6F-413B-BDE1-0FE86DEC92B8}.Debug|Any CPU.ActiveCfg = Debug|Any CPU
		{6E79BFC1-9C6F-413B-BDE1-0FE86DEC92B8}.Debug|Any CPU.Build.0 = Debug|Any CPU
		{6E79BFC1-9C6F-413B-BDE1-0FE86DEC92B8}.Release|Any CPU.ActiveCfg = Release|Any CPU
		{6E79BFC1-9C6F-413B-BDE1-0FE86DEC92B8}.Release|Any CPU.Build.0 = Release|Any CPU
		{0363AC49-1D1E-48CE-AD53-6D16279C60B2}.Debug|Any CPU.ActiveCfg = Debug|Any CPU
		{0363AC49-1D1E-48CE-AD53-6D16279C60B2}.Debug|Any CPU.Build.0 = Debug|Any CPU
		{0363AC49-1D1E-48CE-AD53-6D16279C60B2}.Release|Any CPU.ActiveCfg = Release|Any CPU
		{0363AC49-1D1E-48CE-AD53-6D16279C60B2}.Release|Any CPU.Build.0 = Release|Any CPU
		{66F0C5E4-3B53-40FC-9E63-34AC3C75168E}.Debug|Any CPU.ActiveCfg = Debug|Any CPU
		{66F0C5E4-3B53-40FC-9E63-34AC3C75168E}.Debug|Any CPU.Build.0 = Debug|Any CPU
		{66F0C5E4-3B53-40FC-9E63-34AC3C75168E}.Release|Any CPU.ActiveCfg = Release|Any CPU
		{66F0C5E4-3B53-40FC-9E63-34AC3C75168E}.Release|Any CPU.Build.0 = Release|Any CPU
		{70BC5AEF-E49C-4E08-8C43-77C00EB42F16}.Debug|Any CPU.ActiveCfg = Debug|Any CPU
		{70BC5AEF-E49C-4E08-8C43-77C00EB42F16}.Debug|Any CPU.Build.0 = Debug|Any CPU
		{70BC5AEF-E49C-4E08-8C43-77C00EB42F16}.Release|Any CPU.ActiveCfg = Release|Any CPU
		{70BC5AEF-E49C-4E08-8C43-77C00EB42F16}.Release|Any CPU.Build.0 = Release|Any CPU
	EndGlobalSection
	GlobalSection(SolutionProperties) = preSolution
		HideSolutionNode = FALSE
	EndGlobalSection
EndGlobal
