
Microsoft Visual Studio Solution File, Format Version 12.00
# Visual Studio 14
VisualStudioVersion = 14.0.25420.1
MinimumVisualStudioVersion = 10.0.40219.1
Project("{FAE04EC0-301F-11D3-BF4B-00C04F79EFBC}") = "ArrayVsCollection", "ArrayVsCollection\ArrayVsCollection.csproj", "{98559B0A-B012-4191-82C7-438773EE819C}"
EndProject
Project("{FAE04EC0-301F-11D3-BF4B-00C04F79EFBC}") = "StronglyTypedCollections", "StronglyTypedCollections\StronglyTypedCollections.csproj", "{6DBCA506-71A0-4FBB-8FDF-EC078C426EAC}"
EndProject
Project("{FAE04EC0-301F-11D3-BF4B-00C04F79EFBC}") = "AnimalLib", "Animals\AnimalLib.csproj", "{0F0875ED-53DB-409F-8E83-41731BA309AB}"
EndProject
Project("{FAE04EC0-301F-11D3-BF4B-00C04F79EFBC}") = "Iterators", "Iterators\Iterators.csproj", "{8E10EB95-EC6A-4960-9941-C4746804C3B7}"
EndProject
Project("{FAE04EC0-301F-11D3-BF4B-00C04F79EFBC}") = "ImplementIterator", "ImplementIterator\ImplementIterator.csproj", "{B21F50A3-8853-43D4-8CD7-C8C26C15FFF5}"
EndProject
Project("{FAE04EC0-301F-11D3-BF4B-00C04F79EFBC}") = "IsOperator", "IsOperator\IsOperator.csproj", "{49F20C9A-5866-4DEF-A5E6-92ED1C88FACA}"
EndProject
Project("{FAE04EC0-301F-11D3-BF4B-00C04F79EFBC}") = "SortList", "SortList\SortList.csproj", "{BBB6B901-0AA3-4E2E-8C49-A756A5A50027}"
EndProject
Global
	GlobalSection(SolutionConfigurationPlatforms) = preSolution
		Debug|Any CPU = Debug|Any CPU
		Release|Any CPU = Release|Any CPU
	EndGlobalSection
	GlobalSection(ProjectConfigurationPlatforms) = postSolution
		{98559B0A-B012-4191-82C7-438773EE819C}.Debug|Any CPU.ActiveCfg = Debug|Any CPU
		{98559B0A-B012-4191-82C7-438773EE819C}.Debug|Any CPU.Build.0 = Debug|Any CPU
		{98559B0A-B012-4191-82C7-438773EE819C}.Release|Any CPU.ActiveCfg = Release|Any CPU
		{98559B0A-B012-4191-82C7-438773EE819C}.Release|Any CPU.Build.0 = Release|Any CPU
		{6DBCA506-71A0-4FBB-8FDF-EC078C426EAC}.Debug|Any CPU.ActiveCfg = Debug|Any CPU
		{6DBCA506-71A0-4FBB-8FDF-EC078C426EAC}.Debug|Any CPU.Build.0 = Debug|Any CPU
		{6DBCA506-71A0-4FBB-8FDF-EC078C426EAC}.Release|Any CPU.ActiveCfg = Release|Any CPU
		{6DBCA506-71A0-4FBB-8FDF-EC078C426EAC}.Release|Any CPU.Build.0 = Release|Any CPU
		{0F0875ED-53DB-409F-8E83-41731BA309AB}.Debug|Any CPU.ActiveCfg = Debug|Any CPU
		{0F0875ED-53DB-409F-8E83-41731BA309AB}.Debug|Any CPU.Build.0 = Debug|Any CPU
		{0F0875ED-53DB-409F-8E83-41731BA309AB}.Release|Any CPU.ActiveCfg = Release|Any CPU
		{0F0875ED-53DB-409F-8E83-41731BA309AB}.Release|Any CPU.Build.0 = Release|Any CPU
		{8E10EB95-EC6A-4960-9941-C4746804C3B7}.Debug|Any CPU.ActiveCfg = Debug|Any CPU
		{8E10EB95-EC6A-4960-9941-C4746804C3B7}.Debug|Any CPU.Build.0 = Debug|Any CPU
		{8E10EB95-EC6A-4960-9941-C4746804C3B7}.Release|Any CPU.ActiveCfg = Release|Any CPU
		{8E10EB95-EC6A-4960-9941-C4746804C3B7}.Release|Any CPU.Build.0 = Release|Any CPU
		{B21F50A3-8853-43D4-8CD7-C8C26C15FFF5}.Debug|Any CPU.ActiveCfg = Debug|Any CPU
		{B21F50A3-8853-43D4-8CD7-C8C26C15FFF5}.Debug|Any CPU.Build.0 = Debug|Any CPU
		{B21F50A3-8853-43D4-8CD7-C8C26C15FFF5}.Release|Any CPU.ActiveCfg = Release|Any CPU
		{B21F50A3-8853-43D4-8CD7-C8C26C15FFF5}.Release|Any CPU.Build.0 = Release|Any CPU
		{49F20C9A-5866-4DEF-A5E6-92ED1C88FACA}.Debug|Any CPU.ActiveCfg = Debug|Any CPU
		{49F20C9A-5866-4DEF-A5E6-92ED1C88FACA}.Debug|Any CPU.Build.0 = Debug|Any CPU
		{49F20C9A-5866-4DEF-A5E6-92ED1C88FACA}.Release|Any CPU.ActiveCfg = Release|Any CPU
		{49F20C9A-5866-4DEF-A5E6-92ED1C88FACA}.Release|Any CPU.Build.0 = Release|Any CPU
		{BBB6B901-0AA3-4E2E-8C49-A756A5A50027}.Debug|Any CPU.ActiveCfg = Debug|Any CPU
		{BBB6B901-0AA3-4E2E-8C49-A756A5A50027}.Debug|Any CPU.Build.0 = Debug|Any CPU
		{BBB6B901-0AA3-4E2E-8C49-A756A5A50027}.Release|Any CPU.ActiveCfg = Release|Any CPU
		{BBB6B901-0AA3-4E2E-8C49-A756A5A50027}.Release|Any CPU.Build.0 = Release|Any CPU
	EndGlobalSection
	GlobalSection(SolutionProperties) = preSolution
		HideSolutionNode = FALSE
	EndGlobalSection
EndGlobal
