
Microsoft Visual Studio Solution File, Format Version 12.00
# Visual Studio 14
VisualStudioVersion = 14.0.25420.1
MinimumVisualStudioVersion = 10.0.40219.1
Project("{FAE04EC0-301F-11D3-BF4B-00C04F79EFBC}") = "NullableTypes", "NullableTypes\NullableTypes.csproj", "{37043895-B8AD-430C-8735-6AAC33C455F4}"
EndProject
Project("{FAE04EC0-301F-11D3-BF4B-00C04F79EFBC}") = "GenericList", "GenericList\GenericList.csproj", "{FEAC5886-2EE7-4883-90B3-C9A2848A6A6E}"
EndProject
Project("{FAE04EC0-301F-11D3-BF4B-00C04F79EFBC}") = "SearchSortGenericList", "SearchSortGenericList\SearchSortGenericList.csproj", "{210E8A80-AD46-4FF5-B6AC-3B890132F79C}"
EndProject
Project("{FAE04EC0-301F-11D3-BF4B-00C04F79EFBC}") = "DefineGenericClass", "DefineGenericClass\DefineGenericClass.csproj", "{213B3B09-E814-4120-9DFA-FD3AF5960F51}"
EndProject
Global
	GlobalSection(SolutionConfigurationPlatforms) = preSolution
		Debug|Any CPU = Debug|Any CPU
		Release|Any CPU = Release|Any CPU
	EndGlobalSection
	GlobalSection(ProjectConfigurationPlatforms) = postSolution
		{37043895-B8AD-430C-8735-6AAC33C455F4}.Debug|Any CPU.ActiveCfg = Debug|Any CPU
		{37043895-B8AD-430C-8735-6AAC33C455F4}.Debug|Any CPU.Build.0 = Debug|Any CPU
		{37043895-B8AD-430C-8735-6AAC33C455F4}.Release|Any CPU.ActiveCfg = Release|Any CPU
		{37043895-B8AD-430C-8735-6AAC33C455F4}.Release|Any CPU.Build.0 = Release|Any CPU
		{FEAC5886-2EE7-4883-90B3-C9A2848A6A6E}.Debug|Any CPU.ActiveCfg = Debug|Any CPU
		{FEAC5886-2EE7-4883-90B3-C9A2848A6A6E}.Debug|Any CPU.Build.0 = Debug|Any CPU
		{FEAC5886-2EE7-4883-90B3-C9A2848A6A6E}.Release|Any CPU.ActiveCfg = Release|Any CPU
		{FEAC5886-2EE7-4883-90B3-C9A2848A6A6E}.Release|Any CPU.Build.0 = Release|Any CPU
		{210E8A80-AD46-4FF5-B6AC-3B890132F79C}.Debug|Any CPU.ActiveCfg = Debug|Any CPU
		{210E8A80-AD46-4FF5-B6AC-3B890132F79C}.Debug|Any CPU.Build.0 = Debug|Any CPU
		{210E8A80-AD46-4FF5-B6AC-3B890132F79C}.Release|Any CPU.ActiveCfg = Release|Any CPU
		{210E8A80-AD46-4FF5-B6AC-3B890132F79C}.Release|Any CPU.Build.0 = Release|Any CPU
		{213B3B09-E814-4120-9DFA-FD3AF5960F51}.Debug|Any CPU.ActiveCfg = Debug|Any CPU
		{213B3B09-E814-4120-9DFA-FD3AF5960F51}.Debug|Any CPU.Build.0 = Debug|Any CPU
		{213B3B09-E814-4120-9DFA-FD3AF5960F51}.Release|Any CPU.ActiveCfg = Release|Any CPU
		{213B3B09-E814-4120-9DFA-FD3AF5960F51}.Release|Any CPU.Build.0 = Release|Any CPU
	EndGlobalSection
	GlobalSection(SolutionProperties) = preSolution
		HideSolutionNode = FALSE
	EndGlobalSection
EndGlobal
