
Microsoft Visual Studio Solution File, Format Version 12.00
# Visual Studio 14
VisualStudioVersion = 14.0.25420.1
MinimumVisualStudioVersion = 10.0.40219.1
Project("{FAE04EC0-301F-11D3-BF4B-00C04F79EFBC}") = "Ch03Ex01-SimpleVariables", "Ch03Ex01-SimpleVariables\Ch03Ex01-SimpleVariables.csproj", "{410F7312-4829-4237-A9EC-37F1E37393A9}"
EndProject
Project("{FAE04EC0-301F-11D3-BF4B-00C04F79EFBC}") = "Ch03Ex02-Operators", "Ch03Ex02-Operators\Ch03Ex02-Operators.csproj", "{2B283D50-BA51-450A-9757-BA07C57C73E2}"
EndProject
Global
	GlobalSection(SolutionConfigurationPlatforms) = preSolution
		Debug|Any CPU = Debug|Any CPU
		Release|Any CPU = Release|Any CPU
	EndGlobalSection
	GlobalSection(ProjectConfigurationPlatforms) = postSolution
		{410F7312-4829-4237-A9EC-37F1E37393A9}.Debug|Any CPU.ActiveCfg = Debug|Any CPU
		{410F7312-4829-4237-A9EC-37F1E37393A9}.Debug|Any CPU.Build.0 = Debug|Any CPU
		{410F7312-4829-4237-A9EC-37F1E37393A9}.Release|Any CPU.ActiveCfg = Release|Any CPU
		{410F7312-4829-4237-A9EC-37F1E37393A9}.Release|Any CPU.Build.0 = Release|Any CPU
		{2B283D50-BA51-450A-9757-BA07C57C73E2}.Debug|Any CPU.ActiveCfg = Debug|Any CPU
		{2B283D50-BA51-450A-9757-BA07C57C73E2}.Debug|Any CPU.Build.0 = Debug|Any CPU
		{2B283D50-BA51-450A-9757-BA07C57C73E2}.Release|Any CPU.ActiveCfg = Release|Any CPU
		{2B283D50-BA51-450A-9757-BA07C57C73E2}.Release|Any CPU.Build.0 = Release|Any CPU
	EndGlobalSection
	GlobalSection(SolutionProperties) = preSolution
		HideSolutionNode = FALSE
	EndGlobalSection
EndGlobal
