
Microsoft Visual Studio Solution File, Format Version 12.00
# Visual Studio 14
VisualStudioVersion = 14.0.25420.1
MinimumVisualStudioVersion = 10.0.40219.1
Project("{FAE04EC0-301F-11D3-BF4B-00C04F79EFBC}") = "Ch05Ex01-TypeConversion", "Ch05Ex01-TypeConversion\Ch05Ex01-TypeConversion.csproj", "{E293712E-276B-41F9-9E11-269807BAC447}"
EndProject
Project("{FAE04EC0-301F-11D3-BF4B-00C04F79EFBC}") = "Ch05Ex02-Enum", "Ch05Ex02-Enum\Ch05Ex02-Enum.csproj", "{F243A8F5-A65D-48F9-8322-AD2F62B083A8}"
EndProject
Global
	GlobalSection(SolutionConfigurationPlatforms) = preSolution
		Debug|Any CPU = Debug|Any CPU
		Release|Any CPU = Release|Any CPU
	EndGlobalSection
	GlobalSection(ProjectConfigurationPlatforms) = postSolution
		{E293712E-276B-41F9-9E11-269807BAC447}.Debug|Any CPU.ActiveCfg = Debug|Any CPU
		{E293712E-276B-41F9-9E11-269807BAC447}.Debug|Any CPU.Build.0 = Debug|Any CPU
		{E293712E-276B-41F9-9E11-269807BAC447}.Release|Any CPU.ActiveCfg = Release|Any CPU
		{E293712E-276B-41F9-9E11-269807BAC447}.Release|Any CPU.Build.0 = Release|Any CPU
		{F243A8F5-A65D-48F9-8322-AD2F62B083A8}.Debug|Any CPU.ActiveCfg = Debug|Any CPU
		{F243A8F5-A65D-48F9-8322-AD2F62B083A8}.Debug|Any CPU.Build.0 = Debug|Any CPU
		{F243A8F5-A65D-48F9-8322-AD2F62B083A8}.Release|Any CPU.ActiveCfg = Release|Any CPU
		{F243A8F5-A65D-48F9-8322-AD2F62B083A8}.Release|Any CPU.Build.0 = Release|Any CPU
	EndGlobalSection
	GlobalSection(SolutionProperties) = preSolution
		HideSolutionNode = FALSE
	EndGlobalSection
EndGlobal
