
Microsoft Visual Studio Solution File, Format Version 12.00
# Visual Studio 14
VisualStudioVersion = 14.0.25420.1
MinimumVisualStudioVersion = 10.0.40219.1
Project("{FAE04EC0-301F-11D3-BF4B-00C04F79EFBC}") = "ReadingRandomAccessFiles", "ReadingRandomAccessFiles\ReadingRandomAccessFiles.csproj", "{0E21CFFC-18EA-4CD2-A4C2-40FA7593DD87}"
EndProject
Project("{FAE04EC0-301F-11D3-BF4B-00C04F79EFBC}") = "WritingToRandomAccessFiles", "WritingToRandomAccessFiles\WritingToRandomAccessFiles.csproj", "{2101CFD0-A3B1-4275-AADD-CE2DB99BF7C8}"
EndProject
Project("{FAE04EC0-301F-11D3-BF4B-00C04F79EFBC}") = "WriteDataToOutputStream", "WriteDataToOutputStream\WriteDataToOutputStream.csproj", "{309C55E7-8B9E-4F1A-93EA-EEC38D1E5C9C}"
EndProject
Global
	GlobalSection(SolutionConfigurationPlatforms) = preSolution
		Debug|Any CPU = Debug|Any CPU
		Release|Any CPU = Release|Any CPU
	EndGlobalSection
	GlobalSection(ProjectConfigurationPlatforms) = postSolution
		{0E21CFFC-18EA-4CD2-A4C2-40FA7593DD87}.Debug|Any CPU.ActiveCfg = Debug|Any CPU
		{0E21CFFC-18EA-4CD2-A4C2-40FA7593DD87}.Debug|Any CPU.Build.0 = Debug|Any CPU
		{0E21CFFC-18EA-4CD2-A4C2-40FA7593DD87}.Release|Any CPU.ActiveCfg = Release|Any CPU
		{0E21CFFC-18EA-4CD2-A4C2-40FA7593DD87}.Release|Any CPU.Build.0 = Release|Any CPU
		{2101CFD0-A3B1-4275-AADD-CE2DB99BF7C8}.Debug|Any CPU.ActiveCfg = Debug|Any CPU
		{2101CFD0-A3B1-4275-AADD-CE2DB99BF7C8}.Debug|Any CPU.Build.0 = Debug|Any CPU
		{2101CFD0-A3B1-4275-AADD-CE2DB99BF7C8}.Release|Any CPU.ActiveCfg = Release|Any CPU
		{2101CFD0-A3B1-4275-AADD-CE2DB99BF7C8}.Release|Any CPU.Build.0 = Release|Any CPU
		{309C55E7-8B9E-4F1A-93EA-EEC38D1E5C9C}.Debug|Any CPU.ActiveCfg = Debug|Any CPU
		{309C55E7-8B9E-4F1A-93EA-EEC38D1E5C9C}.Debug|Any CPU.Build.0 = Debug|Any CPU
		{309C55E7-8B9E-4F1A-93EA-EEC38D1E5C9C}.Release|Any CPU.ActiveCfg = Release|Any CPU
		{309C55E7-8B9E-4F1A-93EA-EEC38D1E5C9C}.Release|Any CPU.Build.0 = Release|Any CPU
	EndGlobalSection
	GlobalSection(SolutionProperties) = preSolution
		HideSolutionNode = FALSE
	EndGlobalSection
EndGlobal
